// !$*UTF8*$!
{
	archiveVersion = 1;
	classes = {
	};
	objectVersion = 50;
	objects = {

/* Begin PBXBuildFile section */
		A36464A5256CEEAA00018FD1 /* AppDelegate.swift in Sources */ = {isa = PBXBuildFile; fileRef = A36464A4256CEEAA00018FD1 /* AppDelegate.swift */; };
		A36464A7256CEEAA00018FD1 /* SceneDelegate.swift in Sources */ = {isa = PBXBuildFile; fileRef = A36464A6256CEEAA00018FD1 /* SceneDelegate.swift */; };
		A36464A9256CEEAA00018FD1 /* ViewController.swift in Sources */ = {isa = PBXBuildFile; fileRef = A36464A8256CEEAA00018FD1 /* ViewController.swift */; };
		A36464AC256CEEAA00018FD1 /* Main.storyboard in Resources */ = {isa = PBXBuildFile; fileRef = A36464AA256CEEAA00018FD1 /* Main.storyboard */; };
		A36464AE256CEEAC00018FD1 /* Assets.xcassets in Resources */ = {isa = PBXBuildFile; fileRef = A36464AD256CEEAC00018FD1 /* Assets.xcassets */; };
		A36464B1256CEEAC00018FD1 /* LaunchScreen.storyboard in Resources */ = {isa = PBXBuildFile; fileRef = A36464AF256CEEAC00018FD1 /* LaunchScreen.storyboard */; };
		A36464BB256CEFB100018FD1 /* JWCollectionViewFlowLayout.swift in Sources */ = {isa = PBXBuildFile; fileRef = A36464BA256CEFB100018FD1 /* JWCollectionViewFlowLayout.swift */; };
		A36464BF256CF0AD00018FD1 /* sampleVM.swift in Sources */ = {isa = PBXBuildFile; fileRef = A36464BE256CF0AD00018FD1 /* sampleVM.swift */; };
		A3829F69256E454000048C35 /* JWCollectionViewSample.swift in Sources */ = {isa = PBXBuildFile; fileRef = A3829F67256E454000048C35 /* JWCollectionViewSample.swift */; };
		A3829F6A256E454000048C35 /* JWCollectionViewSample.xib in Resources */ = {isa = PBXBuildFile; fileRef = A3829F68256E454000048C35 /* JWCollectionViewSample.xib */; };
		A3829F6E256E4CCF00048C35 /* TitleCell.swift in Sources */ = {isa = PBXBuildFile; fileRef = A3829F6C256E4CCF00048C35 /* TitleCell.swift */; };
		A3829F6F256E4CCF00048C35 /* TitleCell.xib in Resources */ = {isa = PBXBuildFile; fileRef = A3829F6D256E4CCF00048C35 /* TitleCell.xib */; };
		A3829F72256E533F00048C35 /* DataVM.swift in Sources */ = {isa = PBXBuildFile; fileRef = A3829F71256E533F00048C35 /* DataVM.swift */; };
		A3829F79256E539D00048C35 /* JWCollectionViewCell.swift in Sources */ = {isa = PBXBuildFile; fileRef = A3829F77256E539D00048C35 /* JWCollectionViewCell.swift */; };
		A3829F7A256E539D00048C35 /* JWCollectionViewCell.xib in Resources */ = {isa = PBXBuildFile; fileRef = A3829F78256E539D00048C35 /* JWCollectionViewCell.xib */; };
		A3829F80256E549C00048C35 /* DefaultCollectionView.swift in Sources */ = {isa = PBXBuildFile; fileRef = A3829F7E256E549C00048C35 /* DefaultCollectionView.swift */; };
		A3829F81256E549C00048C35 /* DefaultCollectionView.xib in Resources */ = {isa = PBXBuildFile; fileRef = A3829F7F256E549C00048C35 /* DefaultCollectionView.xib */; };
		A3829F8A256E555900048C35 /* DefaultHeaderCollectionViewController.swift in Sources */ = {isa = PBXBuildFile; fileRef = A3829F88256E555900048C35 /* DefaultHeaderCollectionViewController.swift */; };
		A3829F8B256E555900048C35 /* DefaultHeaderCollectionViewController.xib in Resources */ = {isa = PBXBuildFile; fileRef = A3829F89256E555900048C35 /* DefaultHeaderCollectionViewController.xib */; };
		A3829F90256E558C00048C35 /* DiffableCollectionViewController.swift in Sources */ = {isa = PBXBuildFile; fileRef = A3829F8E256E558C00048C35 /* DiffableCollectionViewController.swift */; };
		A3829F91256E558C00048C35 /* DiffableCollectionViewController.xib in Resources */ = {isa = PBXBuildFile; fileRef = A3829F8F256E558C00048C35 /* DiffableCollectionViewController.xib */; };
		A3829F95256E55BD00048C35 /* DiffableHeaderCollectionViewController.swift in Sources */ = {isa = PBXBuildFile; fileRef = A3829F93256E55BD00048C35 /* DiffableHeaderCollectionViewController.swift */; };
		A3829F96256E55BD00048C35 /* DiffableHeaderCollectionViewController.xib in Resources */ = {isa = PBXBuildFile; fileRef = A3829F94256E55BD00048C35 /* DiffableHeaderCollectionViewController.xib */; };
		A38DEC53256D01FB00D392EB /* SampleCollectionViewCell.swift in Sources */ = {isa = PBXBuildFile; fileRef = A38DEC51256D01FB00D392EB /* SampleCollectionViewCell.swift */; };
		A38DEC54256D01FB00D392EB /* SampleCollectionViewCell.xib in Resources */ = {isa = PBXBuildFile; fileRef = A38DEC52256D01FB00D392EB /* SampleCollectionViewCell.xib */; };
		A38DEC57256D07BD00D392EB /* UICollectionView+Extention.swift in Sources */ = {isa = PBXBuildFile; fileRef = A38DEC56256D07BD00D392EB /* UICollectionView+Extention.swift */; };
/* End PBXBuildFile section */

/* Begin PBXFileReference section */
		A36464A1256CEEAA00018FD1 /* CustomFlowLayout.app */ = {isa = PBXFileReference; explicitFileType = wrapper.application; includeInIndex = 0; path = CustomFlowLayout.app; sourceTree = BUILT_PRODUCTS_DIR; };
		A36464A4256CEEAA00018FD1 /* AppDelegate.swift */ = {isa = PBXFileReference; lastKnownFileType = sourcecode.swift; path = AppDelegate.swift; sourceTree = "<group>"; };
		A36464A6256CEEAA00018FD1 /* SceneDelegate.swift */ = {isa = PBXFileReference; lastKnownFileType = sourcecode.swift; path = SceneDelegate.swift; sourceTree = "<group>"; };
		A36464A8256CEEAA00018FD1 /* ViewController.swift */ = {isa = PBXFileReference; lastKnownFileType = sourcecode.swift; path = ViewController.swift; sourceTree = "<group>"; };
		A36464AB256CEEAA00018FD1 /* Base */ = {isa = PBXFileReference; lastKnownFileType = file.storyboard; name = Base; path = Base.lproj/Main.storyboard; sourceTree = "<group>"; };
		A36464AD256CEEAC00018FD1 /* Assets.xcassets */ = {isa = PBXFileReference; lastKnownFileType = folder.assetcatalog; path = Assets.xcassets; sourceTree = "<group>"; };
		A36464B0256CEEAC00018FD1 /* Base */ = {isa = PBXFileReference; lastKnownFileType = file.storyboard; name = Base; path = Base.lproj/LaunchScreen.storyboard; sourceTree = "<group>"; };
		A36464B2256CEEAC00018FD1 /* Info.plist */ = {isa = PBXFileReference; lastKnownFileType = text.plist.xml; path = Info.plist; sourceTree = "<group>"; };
		A36464BA256CEFB100018FD1 /* JWCollectionViewFlowLayout.swift */ = {isa = PBXFileReference; lastKnownFileType = sourcecode.swift; path = JWCollectionViewFlowLayout.swift; sourceTree = "<group>"; };
		A36464BE256CF0AD00018FD1 /* sampleVM.swift */ = {isa = PBXFileReference; lastKnownFileType = sourcecode.swift; path = sampleVM.swift; sourceTree = "<group>"; };
		A3829F67256E454000048C35 /* JWCollectionViewSample.swift */ = {isa = PBXFileReference; lastKnownFileType = sourcecode.swift; path = JWCollectionViewSample.swift; sourceTree = "<group>"; };
		A3829F68256E454000048C35 /* JWCollectionViewSample.xib */ = {isa = PBXFileReference; lastKnownFileType = file.xib; path = JWCollectionViewSample.xib; sourceTree = "<group>"; };
		A3829F6C256E4CCF00048C35 /* TitleCell.swift */ = {isa = PBXFileReference; lastKnownFileType = sourcecode.swift; path = TitleCell.swift; sourceTree = "<group>"; };
		A3829F6D256E4CCF00048C35 /* TitleCell.xib */ = {isa = PBXFileReference; lastKnownFileType = file.xib; path = TitleCell.xib; sourceTree = "<group>"; };
		A3829F71256E533F00048C35 /* DataVM.swift */ = {isa = PBXFileReference; lastKnownFileType = sourcecode.swift; path = DataVM.swift; sourceTree = "<group>"; };
		A3829F77256E539D00048C35 /* JWCollectionViewCell.swift */ = {isa = PBXFileReference; lastKnownFileType = sourcecode.swift; path = JWCollectionViewCell.swift; sourceTree = "<group>"; };
		A3829F78256E539D00048C35 /* JWCollectionViewCell.xib */ = {isa = PBXFileReference; lastKnownFileType = file.xib; path = JWCollectionViewCell.xib; sourceTree = "<group>"; };
		A3829F7E256E549C00048C35 /* DefaultCollectionView.swift */ = {isa = PBXFileReference; lastKnownFileType = sourcecode.swift; path = DefaultCollectionView.swift; sourceTree = "<group>"; };
		A3829F7F256E549C00048C35 /* DefaultCollectionView.xib */ = {isa = PBXFileReference; lastKnownFileType = file.xib; path = DefaultCollectionView.xib; sourceTree = "<group>"; };
		A3829F88256E555900048C35 /* DefaultHeaderCollectionViewController.swift */ = {isa = PBXFileReference; lastKnownFileType = sourcecode.swift; path = DefaultHeaderCollectionViewController.swift; sourceTree = "<group>"; };
		A3829F89256E555900048C35 /* DefaultHeaderCollectionViewController.xib */ = {isa = PBXFileReference; lastKnownFileType = file.xib; path = DefaultHeaderCollectionViewController.xib; sourceTree = "<group>"; };
		A3829F8E256E558C00048C35 /* DiffableCollectionViewController.swift */ = {isa = PBXFileReference; lastKnownFileType = sourcecode.swift; path = DiffableCollectionViewController.swift; sourceTree = "<group>"; };
		A3829F8F256E558C00048C35 /* DiffableCollectionViewController.xib */ = {isa = PBXFileReference; lastKnownFileType = file.xib; path = DiffableCollectionViewController.xib; sourceTree = "<group>"; };
		A3829F93256E55BD00048C35 /* DiffableHeaderCollectionViewController.swift */ = {isa = PBXFileReference; lastKnownFileType = sourcecode.swift; path = DiffableHeaderCollectionViewController.swift; sourceTree = "<group>"; };
		A3829F94256E55BD00048C35 /* DiffableHeaderCollectionViewController.xib */ = {isa = PBXFileReference; lastKnownFileType = file.xib; path = DiffableHeaderCollectionViewController.xib; sourceTree = "<group>"; };
		A38DEC51256D01FB00D392EB /* SampleCollectionViewCell.swift */ = {isa = PBXFileReference; lastKnownFileType = sourcecode.swift; path = SampleCollectionViewCell.swift; sourceTree = "<group>"; };
		A38DEC52256D01FB00D392EB /* SampleCollectionViewCell.xib */ = {isa = PBXFileReference; lastKnownFileType = file.xib; path = SampleCollectionViewCell.xib; sourceTree = "<group>"; };
		A38DEC56256D07BD00D392EB /* UICollectionView+Extention.swift */ = {isa = PBXFileReference; lastKnownFileType = sourcecode.swift; path = "UICollectionView+Extention.swift"; sourceTree = "<group>"; };
/* End PBXFileReference section */

/* Begin PBXFrameworksBuildPhase section */
		A364649E256CEEAA00018FD1 /* Frameworks */ = {
			isa = PBXFrameworksBuildPhase;
			buildActionMask = 2147483647;
			files = (
			);
			runOnlyForDeploymentPostprocessing = 0;
		};
/* End PBXFrameworksBuildPhase section */

/* Begin PBXGroup section */
		A3646498256CEEAA00018FD1 = {
			isa = PBXGroup;
			children = (
				A36464A3256CEEAA00018FD1 /* CustomFlowLayout */,
				A36464A2256CEEAA00018FD1 /* Products */,
			);
			sourceTree = "<group>";
		};
		A36464A2256CEEAA00018FD1 /* Products */ = {
			isa = PBXGroup;
			children = (
				A36464A1256CEEAA00018FD1 /* CustomFlowLayout.app */,
			);
			name = Products;
			sourceTree = "<group>";
		};
		A36464A3256CEEAA00018FD1 /* CustomFlowLayout */ = {
			isa = PBXGroup;
			children = (
				A3829F75256E535C00048C35 /* VM */,
				A3829F74256E534F00048C35 /* SubViews */,
				A36464B9256CEF8A00018FD1 /* CustomLayout */,
				A36464A4256CEEAA00018FD1 /* AppDelegate.swift */,
				A36464A6256CEEAA00018FD1 /* SceneDelegate.swift */,
				A36464A8256CEEAA00018FD1 /* ViewController.swift */,
				A36464AA256CEEAA00018FD1 /* Main.storyboard */,
				A36464AD256CEEAC00018FD1 /* Assets.xcassets */,
				A36464AF256CEEAC00018FD1 /* LaunchScreen.storyboard */,
				A36464B2256CEEAC00018FD1 /* Info.plist */,
				A36464BE256CF0AD00018FD1 /* sampleVM.swift */,
				A38DEC51256D01FB00D392EB /* SampleCollectionViewCell.swift */,
				A38DEC52256D01FB00D392EB /* SampleCollectionViewCell.xib */,
				A3829F67256E454000048C35 /* JWCollectionViewSample.swift */,
				A3829F68256E454000048C35 /* JWCollectionViewSample.xib */,
			);
			path = CustomFlowLayout;
			sourceTree = "<group>";
		};
		A36464B9256CEF8A00018FD1 /* CustomLayout */ = {
			isa = PBXGroup;
			children = (
				A36464BA256CEFB100018FD1 /* JWCollectionViewFlowLayout.swift */,
				A38DEC56256D07BD00D392EB /* UICollectionView+Extention.swift */,
			);
			path = CustomLayout;
			sourceTree = "<group>";
		};
		A3829F74256E534F00048C35 /* SubViews */ = {
			isa = PBXGroup;
			children = (
				A3829F7D256E542400048C35 /* CollectionViews */,
				A3829F76256E536600048C35 /* Cells */,
			);
			path = SubViews;
			sourceTree = "<group>";
		};
		A3829F75256E535C00048C35 /* VM */ = {
			isa = PBXGroup;
			children = (
				A3829F71256E533F00048C35 /* DataVM.swift */,
			);
			path = VM;
			sourceTree = "<group>";
		};
		A3829F76256E536600048C35 /* Cells */ = {
			isa = PBXGroup;
			children = (
				A3829F6C256E4CCF00048C35 /* TitleCell.swift */,
				A3829F6D256E4CCF00048C35 /* TitleCell.xib */,
				A3829F77256E539D00048C35 /* JWCollectionViewCell.swift */,
				A3829F78256E539D00048C35 /* JWCollectionViewCell.xib */,
			);
			path = Cells;
			sourceTree = "<group>";
		};
		A3829F7D256E542400048C35 /* CollectionViews */ = {
			isa = PBXGroup;
			children = (
				A3829F7E256E549C00048C35 /* DefaultCollectionView.swift */,
				A3829F7F256E549C00048C35 /* DefaultCollectionView.xib */,
				A3829F88256E555900048C35 /* DefaultHeaderCollectionViewController.swift */,
				A3829F89256E555900048C35 /* DefaultHeaderCollectionViewController.xib */,
				A3829F8E256E558C00048C35 /* DiffableCollectionViewController.swift */,
				A3829F8F256E558C00048C35 /* DiffableCollectionViewController.xib */,
				A3829F93256E55BD00048C35 /* DiffableHeaderCollectionViewController.swift */,
				A3829F94256E55BD00048C35 /* DiffableHeaderCollectionViewController.xib */,
			);
			path = CollectionViews;
			sourceTree = "<group>";
		};
/* End PBXGroup section */

/* Begin PBXNativeTarget section */
		A36464A0256CEEAA00018FD1 /* CustomFlowLayout */ = {
			isa = PBXNativeTarget;
			buildConfigurationList = A36464B5256CEEAC00018FD1 /* Build configuration list for PBXNativeTarget "CustomFlowLayout" */;
			buildPhases = (
				A364649D256CEEAA00018FD1 /* Sources */,
				A364649E256CEEAA00018FD1 /* Frameworks */,
				A364649F256CEEAA00018FD1 /* Resources */,
			);
			buildRules = (
			);
			dependencies = (
			);
			name = CustomFlowLayout;
			productName = CustomFlowLayout;
			productReference = A36464A1256CEEAA00018FD1 /* CustomFlowLayout.app */;
			productType = "com.apple.product-type.application";
		};
/* End PBXNativeTarget section */

/* Begin PBXProject section */
		A3646499256CEEAA00018FD1 /* Project object */ = {
			isa = PBXProject;
			attributes = {
				LastSwiftUpdateCheck = 1220;
				LastUpgradeCheck = 1220;
				TargetAttributes = {
					A36464A0256CEEAA00018FD1 = {
						CreatedOnToolsVersion = 12.2;
					};
				};
			};
			buildConfigurationList = A364649C256CEEAA00018FD1 /* Build configuration list for PBXProject "CustomFlowLayout" */;
			compatibilityVersion = "Xcode 9.3";
			developmentRegion = en;
			hasScannedForEncodings = 0;
			knownRegions = (
				en,
				Base,
			);
			mainGroup = A3646498256CEEAA00018FD1;
			productRefGroup = A36464A2256CEEAA00018FD1 /* Products */;
			projectDirPath = "";
			projectRoot = "";
			targets = (
				A36464A0256CEEAA00018FD1 /* CustomFlowLayout */,
			);
		};
/* End PBXProject section */

/* Begin PBXResourcesBuildPhase section */
		A364649F256CEEAA00018FD1 /* Resources */ = {
			isa = PBXResourcesBuildPhase;
			buildActionMask = 2147483647;
			files = (
				A36464B1256CEEAC00018FD1 /* LaunchScreen.storyboard in Resources */,
				A3829F7A256E539D00048C35 /* JWCollectionViewCell.xib in Resources */,
				A3829F81256E549C00048C35 /* DefaultCollectionView.xib in Resources */,
				A36464AE256CEEAC00018FD1 /* Assets.xcassets in Resources */,
				A3829F6F256E4CCF00048C35 /* TitleCell.xib in Resources */,
				A3829F91256E558C00048C35 /* DiffableCollectionViewController.xib in Resources */,
				A3829F96256E55BD00048C35 /* DiffableHeaderCollectionViewController.xib in Resources */,
				A3829F6A256E454000048C35 /* JWCollectionViewSample.xib in Resources */,
				A38DEC54256D01FB00D392EB /* SampleCollectionViewCell.xib in Resources */,
				A36464AC256CEEAA00018FD1 /* Main.storyboard in Resources */,
				A3829F8B256E555900048C35 /* DefaultHeaderCollectionViewController.xib in Resources */,
			);
			runOnlyForDeploymentPostprocessing = 0;
		};
/* End PBXResourcesBuildPhase section */

/* Begin PBXSourcesBuildPhase section */
		A364649D256CEEAA00018FD1 /* Sources */ = {
			isa = PBXSourcesBuildPhase;
			buildActionMask = 2147483647;
			files = (
				A36464A9256CEEAA00018FD1 /* ViewController.swift in Sources */,
				A3829F69256E454000048C35 /* JWCollectionViewSample.swift in Sources */,
				A36464BF256CF0AD00018FD1 /* sampleVM.swift in Sources */,
				A3829F79256E539D00048C35 /* JWCollectionViewCell.swift in Sources */,
				A3829F6E256E4CCF00048C35 /* TitleCell.swift in Sources */,
				A36464A5256CEEAA00018FD1 /* AppDelegate.swift in Sources */,
				A36464BB256CEFB100018FD1 /* JWCollectionViewFlowLayout.swift in Sources */,
				A3829F90256E558C00048C35 /* DiffableCollectionViewController.swift in Sources */,
				A3829F72256E533F00048C35 /* DataVM.swift in Sources */,
				A38DEC53256D01FB00D392EB /* SampleCollectionViewCell.swift in Sources */,
				A3829F95256E55BD00048C35 /* DiffableHeaderCollectionViewController.swift in Sources */,
				A3829F8A256E555900048C35 /* DefaultHeaderCollectionViewController.swift in Sources */,
				A36464A7256CEEAA00018FD1 /* SceneDelegate.swift in Sources */,
				A3829F80256E549C00048C35 /* DefaultCollectionView.swift in Sources */,
				A38DEC57256D07BD00D392EB /* UICollectionView+Extention.swift in Sources */,
			);
			runOnlyForDeploymentPostprocessing = 0;
		};
/* End PBXSourcesBuildPhase section */

/* Begin PBXVariantGroup section */
		A36464AA256CEEAA00018FD1 /* Main.storyboard */ = {
			isa = PBXVariantGroup;
			children = (
				A36464AB256CEEAA00018FD1 /* Base */,
			);
			name = Main.storyboard;
			sourceTree = "<group>";
		};
		A36464AF256CEEAC00018FD1 /* LaunchScreen.storyboard */ = {
			isa = PBXVariantGroup;
			children = (
				A36464B0256CEEAC00018FD1 /* Base */,
			);
			name = LaunchScreen.storyboard;
			sourceTree = "<group>";
		};
/* End PBXVariantGroup section */

/* Begin XCBuildConfiguration section */
		A36464B3256CEEAC00018FD1 /* Debug */ = {
			isa = XCBuildConfiguration;
			buildSettings = {
				ALWAYS_SEARCH_USER_PATHS = NO;
				CLANG_ANALYZER_NONNULL = YES;
				CLANG_ANALYZER_NUMBER_OBJECT_CONVERSION = YES_AGGRESSIVE;
				CLANG_CXX_LANGUAGE_STANDARD = "gnu++14";
				CLANG_CXX_LIBRARY = "libc++";
				CLANG_ENABLE_MODULES = YES;
				CLANG_ENABLE_OBJC_ARC = YES;
				CLANG_ENABLE_OBJC_WEAK = YES;
				CLANG_WARN_BLOCK_CAPTURE_AUTORELEASING = YES;
				CLANG_WARN_BOOL_CONVERSION = YES;
				CLANG_WARN_COMMA = YES;
				CLANG_WARN_CONSTANT_CONVERSION = YES;
				CLANG_WARN_DEPRECATED_OBJC_IMPLEMENTATIONS = YES;
				CLANG_WARN_DIRECT_OBJC_ISA_USAGE = YES_ERROR;
				CLANG_WARN_DOCUMENTATION_COMMENTS = YES;
				CLANG_WARN_EMPTY_BODY = YES;
				CLANG_WARN_ENUM_CONVERSION = YES;
				CLANG_WARN_INFINITE_RECURSION = YES;
				CLANG_WARN_INT_CONVERSION = YES;
				CLANG_WARN_NON_LITERAL_NULL_CONVERSION = YES;
				CLANG_WARN_OBJC_IMPLICIT_RETAIN_SELF = YES;
				CLANG_WARN_OBJC_LITERAL_CONVERSION = YES;
				CLANG_WARN_OBJC_ROOT_CLASS = YES_ERROR;
				CLANG_WARN_QUOTED_INCLUDE_IN_FRAMEWORK_HEADER = YES;
				CLANG_WARN_RANGE_LOOP_ANALYSIS = YES;
				CLANG_WARN_STRICT_PROTOTYPES = YES;
				CLANG_WARN_SUSPICIOUS_MOVE = YES;
				CLANG_WARN_UNGUARDED_AVAILABILITY = YES_AGGRESSIVE;
				CLANG_WARN_UNREACHABLE_CODE = YES;
				CLANG_WARN__DUPLICATE_METHOD_MATCH = YES;
				COPY_PHASE_STRIP = NO;
				DEBUG_INFORMATION_FORMAT = dwarf;
				ENABLE_STRICT_OBJC_MSGSEND = YES;
				ENABLE_TESTABILITY = YES;
				GCC_C_LANGUAGE_STANDARD = gnu11;
				GCC_DYNAMIC_NO_PIC = NO;
				GCC_NO_COMMON_BLOCKS = YES;
				GCC_OPTIMIZATION_LEVEL = 0;
				GCC_PREPROCESSOR_DEFINITIONS = (
					"DEBUG=1",
					"$(inherited)",
				);
				GCC_WARN_64_TO_32_BIT_CONVERSION = YES;
				GCC_WARN_ABOUT_RETURN_TYPE = YES_ERROR;
				GCC_WARN_UNDECLARED_SELECTOR = YES;
				GCC_WARN_UNINITIALIZED_AUTOS = YES_AGGRESSIVE;
				GCC_WARN_UNUSED_FUNCTION = YES;
				GCC_WARN_UNUSED_VARIABLE = YES;
				IPHONEOS_DEPLOYMENT_TARGET = 14.2;
				MTL_ENABLE_DEBUG_INFO = INCLUDE_SOURCE;
				MTL_FAST_MATH = YES;
				ONLY_ACTIVE_ARCH = YES;
				SDKROOT = iphoneos;
				SWIFT_ACTIVE_COMPILATION_CONDITIONS = DEBUG;
				SWIFT_OPTIMIZATION_LEVEL = "-Onone";
			};
			name = Debug;
		};
		A36464B4256CEEAC00018FD1 /* Release */ = {
			isa = XCBuildConfiguration;
			buildSettings = {
				ALWAYS_SEARCH_USER_PATHS = NO;
				CLANG_ANALYZER_NONNULL = YES;
				CLANG_ANALYZER_NUMBER_OBJECT_CONVERSION = YES_AGGRESSIVE;
				CLANG_CXX_LANGUAGE_STANDARD = "gnu++14";
				CLANG_CXX_LIBRARY = "libc++";
				CLANG_ENABLE_MODULES = YES;
				CLANG_ENABLE_OBJC_ARC = YES;
				CLANG_ENABLE_OBJC_WEAK = YES;
				CLANG_WARN_BLOCK_CAPTURE_AUTORELEASING = YES;
				CLANG_WARN_BOOL_CONVERSION = YES;
				CLANG_WARN_COMMA = YES;
				CLANG_WARN_CONSTANT_CONVERSION = YES;
				CLANG_WARN_DEPRECATED_OBJC_IMPLEMENTATIONS = YES;
				CLANG_WARN_DIRECT_OBJC_ISA_USAGE = YES_ERROR;
				CLANG_WARN_DOCUMENTATION_COMMENTS = YES;
				CLANG_WARN_EMPTY_BODY = YES;
				CLANG_WARN_ENUM_CONVERSION = YES;
				CLANG_WARN_INFINITE_RECURSION = YES;
				CLANG_WARN_INT_CONVERSION = YES;
				CLANG_WARN_NON_LITERAL_NULL_CONVERSION = YES;
				CLANG_WARN_OBJC_IMPLICIT_RETAIN_SELF = YES;
				CLANG_WARN_OBJC_LITERAL_CONVERSION = YES;
				CLANG_WARN_OBJC_ROOT_CLASS = YES_ERROR;
				CLANG_WARN_QUOTED_INCLUDE_IN_FRAMEWORK_HEADER = YES;
				CLANG_WARN_RANGE_LOOP_ANALYSIS = YES;
				CLANG_WARN_STRICT_PROTOTYPES = YES;
				CLANG_WARN_SUSPICIOUS_MOVE = YES;
				CLANG_WARN_UNGUARDED_AVAILABILITY = YES_AGGRESSIVE;
				CLANG_WARN_UNREACHABLE_CODE = YES;
				CLANG_WARN__DUPLICATE_METHOD_MATCH = YES;
				COPY_PHASE_STRIP = NO;
				DEBUG_INFORMATION_FORMAT = "dwarf-with-dsym";
				ENABLE_NS_ASSERTIONS = NO;
				ENABLE_STRICT_OBJC_MSGSEND = YES;
				GCC_C_LANGUAGE_STANDARD = gnu11;
				GCC_NO_COMMON_BLOCKS = YES;
				GCC_WARN_64_TO_32_BIT_CONVERSION = YES;
				GCC_WARN_ABOUT_RETURN_TYPE = YES_ERROR;
				GCC_WARN_UNDECLARED_SELECTOR = YES;
				GCC_WARN_UNINITIALIZED_AUTOS = YES_AGGRESSIVE;
				GCC_WARN_UNUSED_FUNCTION = YES;
				GCC_WARN_UNUSED_VARIABLE = YES;
				IPHONEOS_DEPLOYMENT_TARGET = 14.2;
				MTL_ENABLE_DEBUG_INFO = NO;
				MTL_FAST_MATH = YES;
				SDKROOT = iphoneos;
				SWIFT_COMPILATION_MODE = wholemodule;
				SWIFT_OPTIMIZATION_LEVEL = "-O";
				VALIDATE_PRODUCT = YES;
			};
			name = Release;
		};
		A36464B6256CEEAC00018FD1 /* Debug */ = {
			isa = XCBuildConfiguration;
			buildSettings = {
				ASSETCATALOG_COMPILER_APPICON_NAME = AppIcon;
				ASSETCATALOG_COMPILER_GLOBAL_ACCENT_COLOR_NAME = AccentColor;
				CODE_SIGN_STYLE = Automatic;
				DEVELOPMENT_TEAM = QRHHV6YR2R;
				INFOPLIST_FILE = CustomFlowLayout/Info.plist;
				LD_RUNPATH_SEARCH_PATHS = (
					"$(inherited)",
					"@executable_path/Frameworks",
				);
				PRODUCT_BUNDLE_IDENTIFIER = com.mobile.test.CustomFlowLayout;
				PRODUCT_NAME = "$(TARGET_NAME)";
				SWIFT_VERSION = 5.0;
				TARGETED_DEVICE_FAMILY = "1,2";
			};
			name = Debug;
		};
		A36464B7256CEEAC00018FD1 /* Release */ = {
			isa = XCBuildConfiguration;
			buildSettings = {
				ASSETCATALOG_COMPILER_APPICON_NAME = AppIcon;
				ASSETCATALOG_COMPILER_GLOBAL_ACCENT_COLOR_NAME = AccentColor;
				CODE_SIGN_STYLE = Automatic;
				DEVELOPMENT_TEAM = QRHHV6YR2R;
				INFOPLIST_FILE = CustomFlowLayout/Info.plist;
				LD_RUNPATH_SEARCH_PATHS = (
					"$(inherited)",
					"@executable_path/Frameworks",
				);
				PRODUCT_BUNDLE_IDENTIFIER = com.mobile.test.CustomFlowLayout;
				PRODUCT_NAME = "$(TARGET_NAME)";
				SWIFT_VERSION = 5.0;
				TARGETED_DEVICE_FAMILY = "1,2";
			};
			name = Release;
		};
/* End XCBuildConfiguration section */

/* Begin XCConfigurationList section */
		A364649C256CEEAA00018FD1 /* Build configuration list for PBXProject "CustomFlowLayout" */ = {
			isa = XCConfigurationList;
			buildConfigurations = (
				A36464B3256CEEAC00018FD1 /* Debug */,
				A36464B4256CEEAC00018FD1 /* Release */,
			);
			defaultConfigurationIsVisible = 0;
			defaultConfigurationName = Release;
		};
		A36464B5256CEEAC00018FD1 /* Build configuration list for PBXNativeTarget "CustomFlowLayout" */ = {
			isa = XCConfigurationList;
			buildConfigurations = (
				A36464B6256CEEAC00018FD1 /* Debug */,
				A36464B7256CEEAC00018FD1 /* Release */,
			);
			defaultConfigurationIsVisible = 0;
			defaultConfigurationName = Release;
		};
/* End XCConfigurationList section */
	};
	rootObject = A3646499256CEEAA00018FD1 /* Project object */;
}
